<?xml version="1.0" encoding="UTF-8"?>
<Scheme
   LastUpgradeVersion = "1140"
   version = "1.7">
   <BuildAction
      parallelizeBuildables = "YES"
      buildImplicitDependencies = "YES">
      <BuildActionEntries>
         <BuildActionEntry
            buildForTesting = "YES"
            buildForRunning = "YES"
            buildForProfiling = "YES"
            buildForArchiving = "YES"
            buildForAnalyzing = "YES">
            <BuildableReference
               BuildableIdentifier = "primary"
               BlueprintIdentifier = "30FA0587221FC9DA00230559"
               BuildableName = "poor_rsa_secret_stealer"
               BlueprintName = "poor_rsa_secret_stealer"
               ReferencedContainer = "container:poor_rsa_secret_stealer.xcodeproj">
            </BuildableReference>
         </BuildActionEntry>
      </BuildActionEntries>
   </BuildAction>
   <TestAction
      buildConfiguration = "Debug"
      selectedDebuggerIdentifier = "Xcode.DebuggerFoundation.Debugger.LLDB"
      selectedLauncherIdentifier = "Xcode.DebuggerFoundation.Launcher.LLDB"
      shouldUseLaunchSchemeArgsEnv = "YES">
      <MacroExpansion>
         <BuildableReference
            BuildableIdentifier = "primary"
            BlueprintIdentifier = "30FA0587221FC9DA00230559"
            BuildableName = "poor_rsa_secret_stealer"
            BlueprintName = "poor_rsa_secret_stealer"
            ReferencedContainer = "container:poor_rsa_secret_stealer.xcodeproj">
         </BuildableReference>
      </MacroExpansion>
      <Testables>
      </Testables>
   </TestAction>
   <LaunchAction
      buildConfiguration = "Debug"
      selectedDebuggerIdentifier = "Xcode.DebuggerFoundation.Debugger.LLDB"
      selectedLauncherIdentifier = "Xcode.DebuggerFoundation.Launcher.LLDB"
      launchStyle = "0"
      useCustomWorkingDirectory = "NO"
      ignoresPersistentStateOnLaunch = "NO"
      debugDocumentVersioning = "YES"
      debugServiceExtension = "internal"
      allowLocationSimulation = "NO"
      viewDebuggingEnabled = "No">
      <PreActions>
         <ExecutionAction
            ActionType = "Xcode.IDEStandardExecutionActionsCore.ExecutionActionType.ShellScriptAction">
            <ActionContent
               title = "Run Script"
               scriptText = "&#10;">
               <EnvironmentBuildable>
                  <BuildableReference
                     BuildableIdentifier = "primary"
                     BlueprintIdentifier = "30FA0587221FC9DA00230559"
                     BuildableName = "poor_rsa_secret_stealer"
                     BlueprintName = "poor_rsa_secret_stealer"
                     ReferencedContainer = "container:poor_rsa_secret_stealer.xcodeproj">
                  </BuildableReference>
               </EnvironmentBuildable>
            </ActionContent>
         </ExecutionAction>
      </PreActions>
      <PostActions>
         <ExecutionAction
            ActionType = "Xcode.IDEStandardExecutionActionsCore.ExecutionActionType.ShellScriptAction">
            <ActionContent
               title = "Run Script"
               scriptText = "&#10;">
            </ActionContent>
         </ExecutionAction>
      </PostActions>
      <BuildableProductRunnable
         runnableDebuggingMode = "0">
         <BuildableReference
            BuildableIdentifier = "primary"
            BlueprintIdentifier = "30FA0587221FC9DA00230559"
            BuildableName = "poor_rsa_secret_stealer"
            BlueprintName = "poor_rsa_secret_stealer"
            ReferencedContainer = "container:poor_rsa_secret_stealer.xcodeproj">
         </BuildableReference>
      </BuildableProductRunnable>
      <CommandLineArguments>
         <CommandLineArgument
            argument = "8069212743871"
            isEnabled = "NO">
         </CommandLineArgument>
         <CommandLineArgument
            argument = "100001880003211"
            isEnabled = "NO">
         </CommandLineArgument>
         <CommandLineArgument
            argument = ""
            isEnabled = "NO">
         </CommandLineArgument>
         <CommandLineArgument
            argument = "91"
            isEnabled = "NO">
         </CommandLineArgument>
         <CommandLineArgument
            argument = "7919261327"
            isEnabled = "YES">
         </CommandLineArgument>
         <CommandLineArgument
            argument = "29"
            isEnabled = "NO">
         </CommandLineArgument>
         <CommandLineArgument
            argument = "39"
            isEnabled = "NO">
         </CommandLineArgument>
         <CommandLineArgument
            argument = "505371799"
            isEnabled = "NO">
         </CommandLineArgument>
         <CommandLineArgument
            argument = "85828944079"
            isEnabled = "NO">
         </CommandLineArgument>
         <CommandLineArgument
            argument = "112740085193"
            isEnabled = "NO">
         </CommandLineArgument>
         <CommandLineArgument
            argument = "115"
            isEnabled = "NO">
         </CommandLineArgument>
         <CommandLineArgument
            argument = "17746761831"
            isEnabled = "NO">
         </CommandLineArgument>
         <CommandLineArgument
            argument = "55blah"
            isEnabled = "NO">
         </CommandLineArgument>
      </CommandLineArguments>
      <LocationScenarioReference
         identifier = "com.apple.dt.IDEFoundation.CurrentLocationScenarioIdentifier"
         referenceType = "1">
      </LocationScenarioReference>
   </LaunchAction>
   <ProfileAction
      buildConfiguration = "Release"
      shouldUseLaunchSchemeArgsEnv = "YES"
      savedToolIdentifier = ""
      useCustomWorkingDirectory = "NO"
      debugDocumentVersioning = "YES">
      <BuildableProductRunnable
         runnableDebuggingMode = "0">
         <BuildableReference
            BuildableIdentifier = "primary"
            BlueprintIdentifier = "30FA0587221FC9DA00230559"
            BuildableName = "poor_rsa_secret_stealer"
            BlueprintName = "poor_rsa_secret_stealer"
            ReferencedContainer = "container:poor_rsa_secret_stealer.xcodeproj">
         </BuildableReference>
      </BuildableProductRunnable>
   </ProfileAction>
   <AnalyzeAction
      buildConfiguration = "Debug">
   </AnalyzeAction>
   <ArchiveAction
      buildConfiguration = "Release"
      revealArchiveInOrganizer = "YES">
   </ArchiveAction>
</Scheme>
