// !$*UTF8*$!
{
	archiveVersion = 1;
	classes = {
	};
	objectVersion = 50;
	objects = {

/* Begin PBXBuildFile section */
		0F220E8822381A28001C82A3 /* main.c in Sources */ = {isa = PBXBuildFile; fileRef = 0F220E8722381A28001C82A3 /* main.c */; };
		0F220E9722381E60001C82A3 /* libgmp.a in Frameworks */ = {isa = PBXBuildFile; fileRef = 0F220E9522381E60001C82A3 /* libgmp.a */; };
		0F220E9822381E60001C82A3 /* libgmp.a in Frameworks */ = {isa = PBXBuildFile; fileRef = 0F220E9522381E60001C82A3 /* libgmp.a */; };
		0F8317442424F5B4001ABDBA /* YDPrettyConsole.m in Sources */ = {isa = PBXBuildFile; fileRef = 0F8317432424F5B4001ABDBA /* YDPrettyConsole.m */; };
		0FD3E9982237B208002CFD67 /* YDManager.m in Sources */ = {isa = PBXBuildFile; fileRef = 0FD3E9972237B208002CFD67 /* YDManager.m */; };
		30FA058C221FC9DA00230559 /* main.m in Sources */ = {isa = PBXBuildFile; fileRef = 30FA058B221FC9DA00230559 /* main.m */; };
		30FA0593221FCACA00230559 /* YDFindFactors.m in Sources */ = {isa = PBXBuildFile; fileRef = 30FA0592221FCACA00230559 /* YDFindFactors.m */; };
/* End PBXBuildFile section */

/* Begin PBXCopyFilesBuildPhase section */
		0F220E8322381A28001C82A3 /* CopyFiles */ = {
			isa = PBXCopyFilesBuildPhase;
			buildActionMask = 2147483647;
			dstPath = /usr/share/man/man1/;
			dstSubfolderSpec = 0;
			files = (
			);
			runOnlyForDeploymentPostprocessing = 1;
		};
		30FA0586221FC9DA00230559 /* CopyFiles */ = {
			isa = PBXCopyFilesBuildPhase;
			buildActionMask = 2147483647;
			dstPath = /usr/share/man/man1/;
			dstSubfolderSpec = 0;
			files = (
			);
			runOnlyForDeploymentPostprocessing = 1;
		};
/* End PBXCopyFilesBuildPhase section */

/* Begin PBXFileReference section */
		0F220E8522381A28001C82A3 /* YDc_playground */ = {isa = PBXFileReference; explicitFileType = "compiled.mach-o.executable"; includeInIndex = 0; path = YDc_playground; sourceTree = BUILT_PRODUCTS_DIR; };
		0F220E8722381A28001C82A3 /* main.c */ = {isa = PBXFileReference; lastKnownFileType = sourcecode.c.c; path = main.c; sourceTree = "<group>"; };
		0F220E9522381E60001C82A3 /* libgmp.a */ = {isa = PBXFileReference; lastKnownFileType = archive.ar; path = libgmp.a; sourceTree = "<group>"; };
		0F518C2922366E94004EDA57 /* gmp.h */ = {isa = PBXFileReference; lastKnownFileType = sourcecode.c.h; path = gmp.h; sourceTree = "<group>"; };
		0F8317422424F5B4001ABDBA /* YDPrettyConsole.h */ = {isa = PBXFileReference; fileEncoding = 4; lastKnownFileType = sourcecode.c.h; path = YDPrettyConsole.h; sourceTree = "<group>"; };
		0F8317432424F5B4001ABDBA /* YDPrettyConsole.m */ = {isa = PBXFileReference; fileEncoding = 4; lastKnownFileType = sourcecode.c.objc; path = YDPrettyConsole.m; sourceTree = "<group>"; };
		0FD3E9972237B208002CFD67 /* YDManager.m */ = {isa = PBXFileReference; lastKnownFileType = sourcecode.c.objc; path = YDManager.m; sourceTree = "<group>"; };
		0FD3E9992237B24A002CFD67 /* YDManager.h */ = {isa = PBXFileReference; lastKnownFileType = sourcecode.c.h; path = YDManager.h; sourceTree = "<group>"; };
		30FA0588221FC9DA00230559 /* rsa_objc_key_finder */ = {isa = PBXFileReference; explicitFileType = "compiled.mach-o.executable"; includeInIndex = 0; path = rsa_objc_key_finder; sourceTree = BUILT_PRODUCTS_DIR; };
		30FA058B221FC9DA00230559 /* main.m */ = {isa = PBXFileReference; lastKnownFileType = sourcecode.c.objc; path = main.m; sourceTree = "<group>"; };
		30FA0592221FCACA00230559 /* YDFindFactors.m */ = {isa = PBXFileReference; lastKnownFileType = sourcecode.c.objc; path = YDFindFactors.m; sourceTree = "<group>"; };
		30FA0594221FCAD800230559 /* YDFindFactors.h */ = {isa = PBXFileReference; lastKnownFileType = sourcecode.c.h; path = YDFindFactors.h; sourceTree = "<group>"; };
/* End PBXFileReference section */

/* Begin PBXFrameworksBuildPhase section */
		0F220E8222381A28001C82A3 /* Frameworks */ = {
			isa = PBXFrameworksBuildPhase;
			buildActionMask = 2147483647;
			files = (
				0F220E9822381E60001C82A3 /* libgmp.a in Frameworks */,
			);
			runOnlyForDeploymentPostprocessing = 0;
		};
		30FA0585221FC9DA00230559 /* Frameworks */ = {
			isa = PBXFrameworksBuildPhase;
			buildActionMask = 2147483647;
			files = (
				0F220E9722381E60001C82A3 /* libgmp.a in Frameworks */,
			);
			runOnlyForDeploymentPostprocessing = 0;
		};
/* End PBXFrameworksBuildPhase section */

/* Begin PBXGroup section */
		0F220E8622381A28001C82A3 /* c_playground */ = {
			isa = PBXGroup;
			children = (
				0F220E8722381A28001C82A3 /* main.c */,
			);
			path = c_playground;
			sourceTree = "<group>";
		};
		0F220E9022381C4D001C82A3 /* includes */ = {
			isa = PBXGroup;
			children = (
				0F518C2922366E94004EDA57 /* gmp.h */,
			);
			path = includes;
			sourceTree = "<group>";
		};
		0F220E9422381E60001C82A3 /* libraries */ = {
			isa = PBXGroup;
			children = (
				0F220E9522381E60001C82A3 /* libgmp.a */,
			);
			path = libraries;
			sourceTree = "<group>";
		};
		30FA057F221FC9DA00230559 = {
			isa = PBXGroup;
			children = (
				30FA058B221FC9DA00230559 /* main.m */,
				30FA058A221FC9DA00230559 /* rsa_objc_key_finder */,
				0F220E8622381A28001C82A3 /* c_playground */,
				0F220E9422381E60001C82A3 /* libraries */,
				0F220E9022381C4D001C82A3 /* includes */,
				30FA0589221FC9DA00230559 /* Products */,
			);
			sourceTree = "<group>";
		};
		30FA0589221FC9DA00230559 /* Products */ = {
			isa = PBXGroup;
			children = (
				30FA0588221FC9DA00230559 /* rsa_objc_key_finder */,
				0F220E8522381A28001C82A3 /* YDc_playground */,
			);
			name = Products;
			sourceTree = "<group>";
		};
		30FA058A221FC9DA00230559 /* rsa_objc_key_finder */ = {
			isa = PBXGroup;
			children = (
				0FD3E9972237B208002CFD67 /* YDManager.m */,
				0FD3E9992237B24A002CFD67 /* YDManager.h */,
				30FA0592221FCACA00230559 /* YDFindFactors.m */,
				30FA0594221FCAD800230559 /* YDFindFactors.h */,
				0F8317422424F5B4001ABDBA /* YDPrettyConsole.h */,
				0F8317432424F5B4001ABDBA /* YDPrettyConsole.m */,
			);
			path = rsa_objc_key_finder;
			sourceTree = "<group>";
		};
/* End PBXGroup section */

/* Begin PBXNativeTarget section */
		0F220E8422381A28001C82A3 /* YDc_playground */ = {
			isa = PBXNativeTarget;
			buildConfigurationList = 0F220E8B22381A28001C82A3 /* Build configuration list for PBXNativeTarget "YDc_playground" */;
			buildPhases = (
				0F220E8122381A28001C82A3 /* Sources */,
				0F220E8222381A28001C82A3 /* Frameworks */,
				0F220E8322381A28001C82A3 /* CopyFiles */,
			);
			buildRules = (
			);
			dependencies = (
			);
			name = YDc_playground;
			productName = YDc_playground;
			productReference = 0F220E8522381A28001C82A3 /* YDc_playground */;
			productType = "com.apple.product-type.tool";
		};
		30FA0587221FC9DA00230559 /* rsa_objc_key_finder */ = {
			isa = PBXNativeTarget;
			buildConfigurationList = 30FA058F221FC9DA00230559 /* Build configuration list for PBXNativeTarget "rsa_objc_key_finder" */;
			buildPhases = (
				30FA0584221FC9DA00230559 /* Sources */,
				30FA0585221FC9DA00230559 /* Frameworks */,
				30FA0586221FC9DA00230559 /* CopyFiles */,
			);
			buildRules = (
			);
			dependencies = (
			);
			name = rsa_objc_key_finder;
			productName = rsa_objc_key_finder;
			productReference = 30FA0588221FC9DA00230559 /* rsa_objc_key_finder */;
			productType = "com.apple.product-type.tool";
		};
/* End PBXNativeTarget section */

/* Begin PBXProject section */
		30FA0580221FC9DA00230559 /* Project object */ = {
			isa = PBXProject;
			attributes = {
				LastUpgradeCheck = 1120;
				ORGANIZATIONNAME = rusty_magneto;
				TargetAttributes = {
					0F220E8422381A28001C82A3 = {
						CreatedOnToolsVersion = 10.1;
					};
					30FA0587221FC9DA00230559 = {
						CreatedOnToolsVersion = 10.1;
					};
				};
			};
			buildConfigurationList = 30FA0583221FC9DA00230559 /* Build configuration list for PBXProject "rsa_objc_key_finder" */;
			compatibilityVersion = "Xcode 9.3";
			developmentRegion = en;
			hasScannedForEncodings = 0;
			knownRegions = (
				en,
				Base,
			);
			mainGroup = 30FA057F221FC9DA00230559;
			productRefGroup = 30FA0589221FC9DA00230559 /* Products */;
			projectDirPath = "";
			projectRoot = "";
			targets = (
				30FA0587221FC9DA00230559 /* rsa_objc_key_finder */,
				0F220E8422381A28001C82A3 /* YDc_playground */,
			);
		};
/* End PBXProject section */

/* Begin PBXSourcesBuildPhase section */
		0F220E8122381A28001C82A3 /* Sources */ = {
			isa = PBXSourcesBuildPhase;
			buildActionMask = 2147483647;
			files = (
				0F220E8822381A28001C82A3 /* main.c in Sources */,
			);
			runOnlyForDeploymentPostprocessing = 0;
		};
		30FA0584221FC9DA00230559 /* Sources */ = {
			isa = PBXSourcesBuildPhase;
			buildActionMask = 2147483647;
			files = (
				0F8317442424F5B4001ABDBA /* YDPrettyConsole.m in Sources */,
				30FA058C221FC9DA00230559 /* main.m in Sources */,
				0FD3E9982237B208002CFD67 /* YDManager.m in Sources */,
				30FA0593221FCACA00230559 /* YDFindFactors.m in Sources */,
			);
			runOnlyForDeploymentPostprocessing = 0;
		};
/* End PBXSourcesBuildPhase section */

/* Begin XCBuildConfiguration section */
		0F220E8922381A28001C82A3 /* Debug */ = {
			isa = XCBuildConfiguration;
			buildSettings = {
				CODE_SIGN_IDENTITY = "-";
				CODE_SIGN_STYLE = Automatic;
				DEVELOPMENT_TEAM = U8MSEX235L;
				LIBRARY_SEARCH_PATHS = (
					"$(inherited)",
					"$(PROJECT_DIR)/**",
					"$(PROJECT_DIR)/libraries",
				);
				MACOSX_DEPLOYMENT_TARGET = 10.13;
				OTHER_LDFLAGS = "-lncurses";
				PRODUCT_NAME = "$(TARGET_NAME)";
			};
			name = Debug;
		};
		0F220E8A22381A28001C82A3 /* Release */ = {
			isa = XCBuildConfiguration;
			buildSettings = {
				CODE_SIGN_IDENTITY = "-";
				CODE_SIGN_STYLE = Automatic;
				DEVELOPMENT_TEAM = U8MSEX235L;
				LIBRARY_SEARCH_PATHS = (
					"$(inherited)",
					"$(PROJECT_DIR)/**",
					"$(PROJECT_DIR)/libraries",
				);
				MACOSX_DEPLOYMENT_TARGET = 10.13;
				OTHER_LDFLAGS = "-lncurses";
				PRODUCT_NAME = "$(TARGET_NAME)";
			};
			name = Release;
		};
		30FA058D221FC9DA00230559 /* Debug */ = {
			isa = XCBuildConfiguration;
			buildSettings = {
				ALWAYS_SEARCH_USER_PATHS = NO;
				CLANG_ANALYZER_NONNULL = YES;
				CLANG_ANALYZER_NUMBER_OBJECT_CONVERSION = YES_AGGRESSIVE;
				CLANG_CXX_LANGUAGE_STANDARD = "gnu++14";
				CLANG_CXX_LIBRARY = "libc++";
				CLANG_ENABLE_MODULES = YES;
				CLANG_ENABLE_OBJC_ARC = YES;
				CLANG_ENABLE_OBJC_WEAK = YES;
				CLANG_WARN_BLOCK_CAPTURE_AUTORELEASING = YES;
				CLANG_WARN_BOOL_CONVERSION = YES;
				CLANG_WARN_COMMA = YES;
				CLANG_WARN_CONSTANT_CONVERSION = YES;
				CLANG_WARN_DEPRECATED_OBJC_IMPLEMENTATIONS = YES;
				CLANG_WARN_DIRECT_OBJC_ISA_USAGE = YES_ERROR;
				CLANG_WARN_DOCUMENTATION_COMMENTS = YES;
				CLANG_WARN_EMPTY_BODY = YES;
				CLANG_WARN_ENUM_CONVERSION = YES;
				CLANG_WARN_INFINITE_RECURSION = YES;
				CLANG_WARN_INT_CONVERSION = YES;
				CLANG_WARN_NON_LITERAL_NULL_CONVERSION = YES;
				CLANG_WARN_OBJC_IMPLICIT_RETAIN_SELF = YES;
				CLANG_WARN_OBJC_LITERAL_CONVERSION = YES;
				CLANG_WARN_OBJC_ROOT_CLASS = YES_ERROR;
				CLANG_WARN_RANGE_LOOP_ANALYSIS = YES;
				CLANG_WARN_STRICT_PROTOTYPES = YES;
				CLANG_WARN_SUSPICIOUS_MOVE = YES;
				CLANG_WARN_UNGUARDED_AVAILABILITY = YES_AGGRESSIVE;
				CLANG_WARN_UNREACHABLE_CODE = YES;
				CLANG_WARN__DUPLICATE_METHOD_MATCH = YES;
				CODE_SIGN_IDENTITY = "Mac Developer";
				COPY_PHASE_STRIP = NO;
				DEBUG_INFORMATION_FORMAT = dwarf;
				ENABLE_STRICT_OBJC_MSGSEND = YES;
				ENABLE_TESTABILITY = YES;
				GCC_C_LANGUAGE_STANDARD = gnu11;
				GCC_DYNAMIC_NO_PIC = NO;
				GCC_NO_COMMON_BLOCKS = YES;
				GCC_OPTIMIZATION_LEVEL = 0;
				GCC_PREPROCESSOR_DEFINITIONS = (
					"DEBUG=1",
					"$(inherited)",
				);
				GCC_WARN_64_TO_32_BIT_CONVERSION = YES;
				GCC_WARN_ABOUT_RETURN_TYPE = YES_ERROR;
				GCC_WARN_UNDECLARED_SELECTOR = YES;
				GCC_WARN_UNINITIALIZED_AUTOS = YES_AGGRESSIVE;
				GCC_WARN_UNUSED_FUNCTION = YES;
				GCC_WARN_UNUSED_VARIABLE = YES;
				MACOSX_DEPLOYMENT_TARGET = 10.14;
				MTL_ENABLE_DEBUG_INFO = INCLUDE_SOURCE;
				MTL_FAST_MATH = YES;
				ONLY_ACTIVE_ARCH = YES;
				SDKROOT = macosx;
			};
			name = Debug;
		};
		30FA058E221FC9DA00230559 /* Release */ = {
			isa = XCBuildConfiguration;
			buildSettings = {
				ALWAYS_SEARCH_USER_PATHS = NO;
				CLANG_ANALYZER_NONNULL = YES;
				CLANG_ANALYZER_NUMBER_OBJECT_CONVERSION = YES_AGGRESSIVE;
				CLANG_CXX_LANGUAGE_STANDARD = "gnu++14";
				CLANG_CXX_LIBRARY = "libc++";
				CLANG_ENABLE_MODULES = YES;
				CLANG_ENABLE_OBJC_ARC = YES;
				CLANG_ENABLE_OBJC_WEAK = YES;
				CLANG_WARN_BLOCK_CAPTURE_AUTORELEASING = YES;
				CLANG_WARN_BOOL_CONVERSION = YES;
				CLANG_WARN_COMMA = YES;
				CLANG_WARN_CONSTANT_CONVERSION = YES;
				CLANG_WARN_DEPRECATED_OBJC_IMPLEMENTATIONS = YES;
				CLANG_WARN_DIRECT_OBJC_ISA_USAGE = YES_ERROR;
				CLANG_WARN_DOCUMENTATION_COMMENTS = YES;
				CLANG_WARN_EMPTY_BODY = YES;
				CLANG_WARN_ENUM_CONVERSION = YES;
				CLANG_WARN_INFINITE_RECURSION = YES;
				CLANG_WARN_INT_CONVERSION = YES;
				CLANG_WARN_NON_LITERAL_NULL_CONVERSION = YES;
				CLANG_WARN_OBJC_IMPLICIT_RETAIN_SELF = YES;
				CLANG_WARN_OBJC_LITERAL_CONVERSION = YES;
				CLANG_WARN_OBJC_ROOT_CLASS = YES_ERROR;
				CLANG_WARN_RANGE_LOOP_ANALYSIS = YES;
				CLANG_WARN_STRICT_PROTOTYPES = YES;
				CLANG_WARN_SUSPICIOUS_MOVE = YES;
				CLANG_WARN_UNGUARDED_AVAILABILITY = YES_AGGRESSIVE;
				CLANG_WARN_UNREACHABLE_CODE = YES;
				CLANG_WARN__DUPLICATE_METHOD_MATCH = YES;
				CODE_SIGN_IDENTITY = "Mac Developer";
				COPY_PHASE_STRIP = NO;
				DEBUG_INFORMATION_FORMAT = "dwarf-with-dsym";
				ENABLE_NS_ASSERTIONS = NO;
				ENABLE_STRICT_OBJC_MSGSEND = YES;
				GCC_C_LANGUAGE_STANDARD = gnu11;
				GCC_NO_COMMON_BLOCKS = YES;
				GCC_WARN_64_TO_32_BIT_CONVERSION = YES;
				GCC_WARN_ABOUT_RETURN_TYPE = YES_ERROR;
				GCC_WARN_UNDECLARED_SELECTOR = YES;
				GCC_WARN_UNINITIALIZED_AUTOS = YES_AGGRESSIVE;
				GCC_WARN_UNUSED_FUNCTION = YES;
				GCC_WARN_UNUSED_VARIABLE = YES;
				MACOSX_DEPLOYMENT_TARGET = 10.14;
				MTL_ENABLE_DEBUG_INFO = NO;
				MTL_FAST_MATH = YES;
				SDKROOT = macosx;
			};
			name = Release;
		};
		30FA0590221FC9DA00230559 /* Debug */ = {
			isa = XCBuildConfiguration;
			buildSettings = {
				ALWAYS_SEARCH_USER_PATHS = NO;
				CODE_SIGN_IDENTITY = "-";
				CODE_SIGN_STYLE = Automatic;
				DEVELOPMENT_TEAM = U8MSEX235L;
				LIBRARY_SEARCH_PATHS = (
					"$(inherited)",
					"$(PROJECT_DIR)",
					"$(PROJECT_DIR)/libraries",
				);
				MACOSX_DEPLOYMENT_TARGET = 10.14;
				OTHER_LDFLAGS = "-lncurses";
				PRODUCT_NAME = "$(TARGET_NAME)";
			};
			name = Debug;
		};
		30FA0591221FC9DA00230559 /* Release */ = {
			isa = XCBuildConfiguration;
			buildSettings = {
				ALWAYS_SEARCH_USER_PATHS = NO;
				CODE_SIGN_IDENTITY = "-";
				CODE_SIGN_STYLE = Automatic;
				DEVELOPMENT_TEAM = U8MSEX235L;
				LIBRARY_SEARCH_PATHS = (
					"$(inherited)",
					"$(PROJECT_DIR)",
					"$(PROJECT_DIR)/libraries",
				);
				MACOSX_DEPLOYMENT_TARGET = 10.14;
				OTHER_LDFLAGS = "-lncurses";
				PRODUCT_NAME = "$(TARGET_NAME)";
			};
			name = Release;
		};
/* End XCBuildConfiguration section */

/* Begin XCConfigurationList section */
		0F220E8B22381A28001C82A3 /* Build configuration list for PBXNativeTarget "YDc_playground" */ = {
			isa = XCConfigurationList;
			buildConfigurations = (
				0F220E8922381A28001C82A3 /* Debug */,
				0F220E8A22381A28001C82A3 /* Release */,
			);
			defaultConfigurationIsVisible = 0;
			defaultConfigurationName = Release;
		};
		30FA0583221FC9DA00230559 /* Build configuration list for PBXProject "rsa_objc_key_finder" */ = {
			isa = XCConfigurationList;
			buildConfigurations = (
				30FA058D221FC9DA00230559 /* Debug */,
				30FA058E221FC9DA00230559 /* Release */,
			);
			defaultConfigurationIsVisible = 0;
			defaultConfigurationName = Release;
		};
		30FA058F221FC9DA00230559 /* Build configuration list for PBXNativeTarget "rsa_objc_key_finder" */ = {
			isa = XCConfigurationList;
			buildConfigurations = (
				30FA0590221FC9DA00230559 /* Debug */,
				30FA0591221FC9DA00230559 /* Release */,
			);
			defaultConfigurationIsVisible = 0;
			defaultConfigurationName = Release;
		};
/* End XCConfigurationList section */
	};
	rootObject = 30FA0580221FC9DA00230559 /* Project object */;
}
